
Microsoft Visual Studio Solution File, Format Version 11.00
# Visual Studio 2010
Project("{F184B08F-C81C-45F6-A57F-5ABD9991F28F}") = "OpenTabControl", "OpenTabControl\OpenTabControl.vbproj", "{2BA198BD-3E9F-4051-93C8-18FD575A1367}"
EndProject
Global
	GlobalSection(SolutionConfigurationPlatforms) = preSolution
		Debug|Any CPU = Debug|Any CPU
		Release|Any CPU = Release|Any CPU
		x64|Any CPU = x64|Any CPU
	EndGlobalSection
	GlobalSection(ProjectConfigurationPlatforms) = postSolution
		{2BA198BD-3E9F-4051-93C8-18FD575A1367}.Debug|Any CPU.ActiveCfg = Release|Any CPU
		{2BA198BD-3E9F-4051-93C8-18FD575A1367}.Debug|Any CPU.Build.0 = Release|Any CPU
		{2BA198BD-3E9F-4051-93C8-18FD575A1367}.Release|Any CPU.ActiveCfg = Release|Any CPU
		{2BA198BD-3E9F-4051-93C8-18FD575A1367}.Release|Any CPU.Build.0 = Release|Any CPU
		{2BA198BD-3E9F-4051-93C8-18FD575A1367}.x64|Any CPU.ActiveCfg = x64|Any CPU
		{2BA198BD-3E9F-4051-93C8-18FD575A1367}.x64|Any CPU.Build.0 = x64|Any CPU
	EndGlobalSection
	GlobalSection(SolutionProperties) = preSolution
		HideSolutionNode = FALSE
	EndGlobalSection
EndGlobal
